
Microsoft Visual Studio Solution File, Format Version 12.00
# Visual Studio Version 17
VisualStudioVersion = 17.13.35913.81
MinimumVisualStudioVersion = 10.0.40219.1
Project("{FAE04EC0-301F-11D3-BF4B-00C04F79EFBC}") = "SingletoneDP", "..\SingletoneDP\SingletoneDP.csproj", "{4D6809B3-D2C3-4634-8009-4361F3503BC7}"
EndProject
Project("{FAE04EC0-301F-11D3-BF4B-00C04F79EFBC}") = "StrategyDP", "StrategyDP\StrategyDP.csproj", "{AA7DD156-4E75-4429-AF40-5506A8FC910A}"
EndProject
Global
	GlobalSection(SolutionConfigurationPlatforms) = preSolution
		Debug|Any CPU = Debug|Any CPU
		Release|Any CPU = Release|Any CPU
	EndGlobalSection
	GlobalSection(ProjectConfigurationPlatforms) = postSolution
		{4D6809B3-D2C3-4634-8009-4361F3503BC7}.Debug|Any CPU.ActiveCfg = Debug|Any CPU
		{4D6809B3-D2C3-4634-8009-4361F3503BC7}.Debug|Any CPU.Build.0 = Debug|Any CPU
		{4D6809B3-D2C3-4634-8009-4361F3503BC7}.Release|Any CPU.ActiveCfg = Release|Any CPU
		{4D6809B3-D2C3-4634-8009-4361F3503BC7}.Release|Any CPU.Build.0 = Release|Any CPU
		{AA7DD156-4E75-4429-AF40-5506A8FC910A}.Debug|Any CPU.ActiveCfg = Debug|Any CPU
		{AA7DD156-4E75-4429-AF40-5506A8FC910A}.Debug|Any CPU.Build.0 = Debug|Any CPU
		{AA7DD156-4E75-4429-AF40-5506A8FC910A}.Release|Any CPU.ActiveCfg = Release|Any CPU
		{AA7DD156-4E75-4429-AF40-5506A8FC910A}.Release|Any CPU.Build.0 = Release|Any CPU
	EndGlobalSection
	GlobalSection(SolutionProperties) = preSolution
		HideSolutionNode = FALSE
	EndGlobalSection
	GlobalSection(ExtensibilityGlobals) = postSolution
		SolutionGuid = {C144F935-A9B8-4D8C-A66D-331E48F40F56}
	EndGlobalSection
EndGlobal
